
Microsoft Visual Studio Solution File, Format Version 12.00
# Visual Studio Version 17
VisualStudioVersion = 17.7.34031.279
MinimumVisualStudioVersion = 10.0.40219.1
Project("{9A19103F-16F7-4668-BE54-9A1E7A4F7556}") = "AirConditionerSolution", "AirConditionerSolution\AirConditionerSolution.csproj", "{A5376941-90BE-458C-BC41-9EB29F3A64AF}"
EndProject
Project("{9A19103F-16F7-4668-BE54-9A1E7A4F7556}") = "AirConditionerBO", "AirConditionerBO\AirConditionerBO.csproj", "{3182B433-68DB-420A-B8C1-7B0C0910B449}"
EndProject
Project("{FAE04EC0-301F-11D3-BF4B-00C04F79EFBC}") = "AirConditionerDAO", "AirConditionerDAO\AirConditionerDAO.csproj", "{F164788A-7314-45CA-8511-B349F05BB4B0}"
EndProject
Project("{FAE04EC0-301F-11D3-BF4B-00C04F79EFBC}") = "AirConditionerRepository", "AirConditionerRepository\AirConditionerRepository.csproj", "{BEF85EC7-2535-488E-BEAF-0F3A3451D779}"
EndProject
Project("{FAE04EC0-301F-11D3-BF4B-00C04F79EFBC}") = "AirConditionerService", "AirConditionerService\AirConditionerService.csproj", "{26C8F998-67F8-4D7D-9727-E91CFAEEA93F}"
EndProject
Global
	GlobalSection(SolutionConfigurationPlatforms) = preSolution
		Debug|Any CPU = Debug|Any CPU
		Release|Any CPU = Release|Any CPU
	EndGlobalSection
	GlobalSection(ProjectConfigurationPlatforms) = postSolution
		{A5376941-90BE-458C-BC41-9EB29F3A64AF}.Debug|Any CPU.ActiveCfg = Debug|Any CPU
		{A5376941-90BE-458C-BC41-9EB29F3A64AF}.Debug|Any CPU.Build.0 = Debug|Any CPU
		{A5376941-90BE-458C-BC41-9EB29F3A64AF}.Release|Any CPU.ActiveCfg = Release|Any CPU
		{A5376941-90BE-458C-BC41-9EB29F3A64AF}.Release|Any CPU.Build.0 = Release|Any CPU
		{3182B433-68DB-420A-B8C1-7B0C0910B449}.Debug|Any CPU.ActiveCfg = Debug|Any CPU
		{3182B433-68DB-420A-B8C1-7B0C0910B449}.Debug|Any CPU.Build.0 = Debug|Any CPU
		{3182B433-68DB-420A-B8C1-7B0C0910B449}.Release|Any CPU.ActiveCfg = Release|Any CPU
		{3182B433-68DB-420A-B8C1-7B0C0910B449}.Release|Any CPU.Build.0 = Release|Any CPU
		{F164788A-7314-45CA-8511-B349F05BB4B0}.Debug|Any CPU.ActiveCfg = Debug|Any CPU
		{F164788A-7314-45CA-8511-B349F05BB4B0}.Debug|Any CPU.Build.0 = Debug|Any CPU
		{F164788A-7314-45CA-8511-B349F05BB4B0}.Release|Any CPU.ActiveCfg = Release|Any CPU
		{F164788A-7314-45CA-8511-B349F05BB4B0}.Release|Any CPU.Build.0 = Release|Any CPU
		{BEF85EC7-2535-488E-BEAF-0F3A3451D779}.Debug|Any CPU.ActiveCfg = Debug|Any CPU
		{BEF85EC7-2535-488E-BEAF-0F3A3451D779}.Debug|Any CPU.Build.0 = Debug|Any CPU
		{BEF85EC7-2535-488E-BEAF-0F3A3451D779}.Release|Any CPU.ActiveCfg = Release|Any CPU
		{BEF85EC7-2535-488E-BEAF-0F3A3451D779}.Release|Any CPU.Build.0 = Release|Any CPU
		{26C8F998-67F8-4D7D-9727-E91CFAEEA93F}.Debug|Any CPU.ActiveCfg = Debug|Any CPU
		{26C8F998-67F8-4D7D-9727-E91CFAEEA93F}.Debug|Any CPU.Build.0 = Debug|Any CPU
		{26C8F998-67F8-4D7D-9727-E91CFAEEA93F}.Release|Any CPU.ActiveCfg = Release|Any CPU
		{26C8F998-67F8-4D7D-9727-E91CFAEEA93F}.Release|Any CPU.Build.0 = Release|Any CPU
	EndGlobalSection
	GlobalSection(SolutionProperties) = preSolution
		HideSolutionNode = FALSE
	EndGlobalSection
	GlobalSection(ExtensibilityGlobals) = postSolution
		SolutionGuid = {7F969C67-DF22-454A-AB3C-61819D25E009}
	EndGlobalSection
EndGlobal
